// !$*UTF8*$!
{
	archiveVersion = 1;
	classes = {
	};
	objectVersion = 77;
	objects = {

/* Begin PBXContainerItemProxy section */
		A2A8A6CB2FEFB7CE00469A9B /* PBXContainerItemProxy */ = {
			isa = PBXContainerItemProxy;
			containerPortal = A2A8A6B52FEFB7CD00469A9B /* Project object */;
			proxyType = 1;
			remoteGlobalIDString = A2A8A6BC2FEFB7CD00469A9B;
			remoteInfo = SunsetsProperties;
		};
		A2A8A6D52FEFB7CE00469A9B /* PBXContainerItemProxy */ = {
			isa = PBXContainerItemProxy;
			containerPortal = A2A8A6B52FEFB7CD00469A9B /* Project object */;
			proxyType = 1;
			remoteGlobalIDString = A2A8A6BC2FEFB7CD00469A9B;
			remoteInfo = SunsetsProperties;
		};
/* End PBXContainerItemProxy section */

/* Begin PBXFileReference section */
		A2A8A6BD2FEFB7CD00469A9B /* SunsetsProperties.app */ = {isa = PBXFileReference; explicitFileType = wrapper.application; includeInIndex = 0; path = SunsetsProperties.app; sourceTree = BUILT_PRODUCTS_DIR; };
		A2A8A6CA2FEFB7CE00469A9B /* SunsetsPropertiesTests.xctest */ = {isa = PBXFileReference; explicitFileType = wrapper.cfbundle; includeInIndex = 0; path = SunsetsPropertiesTests.xctest; sourceTree = BUILT_PRODUCTS_DIR; };
		A2A8A6D42FEFB7CE00469A9B /* SunsetsPropertiesUITests.xctest */ = {isa = PBXFileReference; explicitFileType = wrapper.cfbundle; includeInIndex = 0; path = SunsetsPropertiesUITests.xctest; sourceTree = BUILT_PRODUCTS_DIR; };
/* End PBXFileReference section */

/* Begin PBXFileSystemSynchronizedRootGroup section */
		A2A8A6BF2FEFB7CD00469A9B /* SunsetsProperties */ = {
			isa = PBXFileSystemSynchronizedRootGroup;
			path = SunsetsProperties;
			sourceTree = "<group>";
		};
		A2A8A6CD2FEFB7CE00469A9B /* SunsetsPropertiesTests */ = {
			isa = PBXFileSystemSynchronizedRootGroup;
			path = SunsetsPropertiesTests;
			sourceTree = "<group>";
		};
		A2A8A6D72FEFB7CE00469A9B /* SunsetsPropertiesUITests */ = {
			isa = PBXFileSystemSynchronizedRootGroup;
			path = SunsetsPropertiesUITests;
			sourceTree = "<group>";
		};
/* End PBXFileSystemSynchronizedRootGroup section */

/* Begin PBXFrameworksBuildPhase section */
		A2A8A6BA2FEFB7CD00469A9B /* Frameworks */ = {
			isa = PBXFrameworksBuildPhase;
			buildActionMask = 2147483647;
			files = (
			);
			runOnlyForDeploymentPostprocessing = 0;
		};
		A2A8A6C72FEFB7CE00469A9B /* Frameworks */ = {
			isa = PBXFrameworksBuildPhase;
			buildActionMask = 2147483647;
			files = (
			);
			runOnlyForDeploymentPostprocessing = 0;
		};
		A2A8A6D12FEFB7CE00469A9B /* Frameworks */ = {
			isa = PBXFrameworksBuildPhase;
			buildActionMask = 2147483647;
			files = (
			);
			runOnlyForDeploymentPostprocessing = 0;
		};
/* End PBXFrameworksBuildPhase section */

/* Begin PBXGroup section */
		A2A8A6B42FEFB7CD00469A9B = {
			isa = PBXGroup;
			children = (
				A2A8A6BF2FEFB7CD00469A9B /* SunsetsProperties */,
				A2A8A6CD2FEFB7CE00469A9B /* SunsetsPropertiesTests */,
				A2A8A6D72FEFB7CE00469A9B /* SunsetsPropertiesUITests */,
				A2A8A6BE2FEFB7CD00469A9B /* Products */,
			);
			sourceTree = "<group>";
		};
		A2A8A6BE2FEFB7CD00469A9B /* Products */ = {
			isa = PBXGroup;
			children = (
				A2A8A6BD2FEFB7CD00469A9B /* SunsetsProperties.app */,
				A2A8A6CA2FEFB7CE00469A9B /* SunsetsPropertiesTests.xctest */,
				A2A8A6D42FEFB7CE00469A9B /* SunsetsPropertiesUITests.xctest */,
			);
			name = Products;
			sourceTree = "<group>";
		};
/* End PBXGroup section */

/* Begin PBXNativeTarget section */
		A2A8A6BC2FEFB7CD00469A9B /* SunsetsProperties */ = {
			isa = PBXNativeTarget;
			buildConfigurationList = A2A8A6DE2FEFB7CE00469A9B /* Build configuration list for PBXNativeTarget "SunsetsProperties" */;
			buildPhases = (
				A2A8A6B92FEFB7CD00469A9B /* Sources */,
				A2A8A6BA2FEFB7CD00469A9B /* Frameworks */,
				A2A8A6BB2FEFB7CD00469A9B /* Resources */,
			);
			buildRules = (
			);
			dependencies = (
			);
			fileSystemSynchronizedGroups = (
				A2A8A6BF2FEFB7CD00469A9B /* SunsetsProperties */,
			);
			name = SunsetsProperties;
			packageProductDependencies = (
			);
			productName = SunsetsProperties;
			productReference = A2A8A6BD2FEFB7CD00469A9B /* SunsetsProperties.app */;
			productType = "com.apple.product-type.application";
		};
		A2A8A6C92FEFB7CE00469A9B /* SunsetsPropertiesTests */ = {
			isa = PBXNativeTarget;
			buildConfigurationList = A2A8A6E12FEFB7CE00469A9B /* Build configuration list for PBXNativeTarget "SunsetsPropertiesTests" */;
			buildPhases = (
				A2A8A6C62FEFB7CE00469A9B /* Sources */,
				A2A8A6C72FEFB7CE00469A9B /* Frameworks */,
				A2A8A6C82FEFB7CE00469A9B /* Resources */,
			);
			buildRules = (
			);
			dependencies = (
				A2A8A6CC2FEFB7CE00469A9B /* PBXTargetDependency */,
			);
			fileSystemSynchronizedGroups = (
				A2A8A6CD2FEFB7CE00469A9B /* SunsetsPropertiesTests */,
			);
			name = SunsetsPropertiesTests;
			packageProductDependencies = (
			);
			productName = SunsetsPropertiesTests;
			productReference = A2A8A6CA2FEFB7CE00469A9B /* SunsetsPropertiesTests.xctest */;
			productType = "com.apple.product-type.bundle.unit-test";
		};
		A2A8A6D32FEFB7CE00469A9B /* SunsetsPropertiesUITests */ = {
			isa = PBXNativeTarget;
			buildConfigurationList = A2A8A6E42FEFB7CE00469A9B /* Build configuration list for PBXNativeTarget "SunsetsPropertiesUITests" */;
			buildPhases = (
				A2A8A6D02FEFB7CE00469A9B /* Sources */,
				A2A8A6D12FEFB7CE00469A9B /* Frameworks */,
				A2A8A6D22FEFB7CE00469A9B /* Resources */,
			);
			buildRules = (
			);
			dependencies = (
				A2A8A6D62FEFB7CE00469A9B /* PBXTargetDependency */,
			);
			fileSystemSynchronizedGroups = (
				A2A8A6D72FEFB7CE00469A9B /* SunsetsPropertiesUITests */,
			);
			name = SunsetsPropertiesUITests;
			packageProductDependencies = (
			);
			productName = SunsetsPropertiesUITests;
			productReference = A2A8A6D42FEFB7CE00469A9B /* SunsetsPropertiesUITests.xctest */;
			productType = "com.apple.product-type.bundle.ui-testing";
		};
/* End PBXNativeTarget section */

/* Begin PBXProject section */
		A2A8A6B52FEFB7CD00469A9B /* Project object */ = {
			isa = PBXProject;
			attributes = {
				BuildIndependentTargetsInParallel = 1;
				LastSwiftUpdateCheck = 2650;
				LastUpgradeCheck = 2650;
				TargetAttributes = {
					A2A8A6BC2FEFB7CD00469A9B = {
						CreatedOnToolsVersion = 26.5;
					};
					A2A8A6C92FEFB7CE00469A9B = {
						CreatedOnToolsVersion = 26.5;
						TestTargetID = A2A8A6BC2FEFB7CD00469A9B;
					};
					A2A8A6D32FEFB7CE00469A9B = {
						CreatedOnToolsVersion = 26.5;
						TestTargetID = A2A8A6BC2FEFB7CD00469A9B;
					};
				};
			};
			buildConfigurationList = A2A8A6B82FEFB7CD00469A9B /* Build configuration list for PBXProject "SunsetsProperties" */;
			developmentRegion = en;
			hasScannedForEncodings = 0;
			knownRegions = (
				en,
				Base,
			);
			mainGroup = A2A8A6B42FEFB7CD00469A9B;
			minimizedProjectReferenceProxies = 1;
			preferredProjectObjectVersion = 77;
			productRefGroup = A2A8A6BE2FEFB7CD00469A9B /* Products */;
			projectDirPath = "";
			projectRoot = "";
			targets = (
				A2A8A6BC2FEFB7CD00469A9B /* SunsetsProperties */,
				A2A8A6C92FEFB7CE00469A9B /* SunsetsPropertiesTests */,
				A2A8A6D32FEFB7CE00469A9B /* SunsetsPropertiesUITests */,
			);
		};
/* End PBXProject section */

/* Begin PBXResourcesBuildPhase section */
		A2A8A6BB2FEFB7CD00469A9B /* Resources */ = {
			isa = PBXResourcesBuildPhase;
			buildActionMask = 2147483647;
			files = (
			);
			runOnlyForDeploymentPostprocessing = 0;
		};
		A2A8A6C82FEFB7CE00469A9B /* Resources */ = {
			isa = PBXResourcesBuildPhase;
			buildActionMask = 2147483647;
			files = (
			);
			runOnlyForDeploymentPostprocessing = 0;
		};
		A2A8A6D22FEFB7CE00469A9B /* Resources */ = {
			isa = PBXResourcesBuildPhase;
			buildActionMask = 2147483647;
			files = (
			);
			runOnlyForDeploymentPostprocessing = 0;
		};
/* End PBXResourcesBuildPhase section */

/* Begin PBXSourcesBuildPhase section */
		A2A8A6B92FEFB7CD00469A9B /* Sources */ = {
			isa = PBXSourcesBuildPhase;
			buildActionMask = 2147483647;
			files = (
			);
			runOnlyForDeploymentPostprocessing = 0;
		};
		A2A8A6C62FEFB7CE00469A9B /* Sources */ = {
			isa = PBXSourcesBuildPhase;
			buildActionMask = 2147483647;
			files = (
			);
			runOnlyForDeploymentPostprocessing = 0;
		};
		A2A8A6D02FEFB7CE00469A9B /* Sources */ = {
			isa = PBXSourcesBuildPhase;
			buildActionMask = 2147483647;
			files = (
			);
			runOnlyForDeploymentPostprocessing = 0;
		};
/* End PBXSourcesBuildPhase section */

/* Begin PBXTargetDependency section */
		A2A8A6CC2FEFB7CE00469A9B /* PBXTargetDependency */ = {
			isa = PBXTargetDependency;
			target = A2A8A6BC2FEFB7CD00469A9B /* SunsetsProperties */;
			targetProxy = A2A8A6CB2FEFB7CE00469A9B /* PBXContainerItemProxy */;
		};
		A2A8A6D62FEFB7CE00469A9B /* PBXTargetDependency */ = {
			isa = PBXTargetDependency;
			target = A2A8A6BC2FEFB7CD00469A9B /* SunsetsProperties */;
			targetProxy = A2A8A6D52FEFB7CE00469A9B /* PBXContainerItemProxy */;
		};
/* End PBXTargetDependency section */

/* Begin XCBuildConfiguration section */
		A2A8A6DC2FEFB7CE00469A9B /* Debug */ = {
			isa = XCBuildConfiguration;
			buildSettings = {
				ALWAYS_SEARCH_USER_PATHS = NO;
				ASSETCATALOG_COMPILER_GENERATE_SWIFT_ASSET_SYMBOL_EXTENSIONS = YES;
				CLANG_ANALYZER_NONNULL = YES;
				CLANG_ANALYZER_NUMBER_OBJECT_CONVERSION = YES_AGGRESSIVE;
				CLANG_CXX_LANGUAGE_STANDARD = "gnu++20";
				CLANG_ENABLE_MODULES = YES;
				CLANG_ENABLE_OBJC_ARC = YES;
				CLANG_ENABLE_OBJC_WEAK = YES;
				CLANG_WARN_BLOCK_CAPTURE_AUTORELEASING = YES;
				CLANG_WARN_BOOL_CONVERSION = YES;
				CLANG_WARN_COMMA = YES;
				CLANG_WARN_CONSTANT_CONVERSION = YES;
				CLANG_WARN_DEPRECATED_OBJC_IMPLEMENTATIONS = YES;
				CLANG_WARN_DIRECT_OBJC_ISA_USAGE = YES_ERROR;
				CLANG_WARN_DOCUMENTATION_COMMENTS = YES;
				CLANG_WARN_EMPTY_BODY = YES;
				CLANG_WARN_ENUM_CONVERSION = YES;
				CLANG_WARN_INFINITE_RECURSION = YES;
				CLANG_WARN_INT_CONVERSION = YES;
				CLANG_WARN_NON_LITERAL_NULL_CONVERSION = YES;
				CLANG_WARN_OBJC_IMPLICIT_RETAIN_SELF = YES;
				CLANG_WARN_OBJC_LITERAL_CONVERSION = YES;
				CLANG_WARN_OBJC_ROOT_CLASS = YES_ERROR;
				CLANG_WARN_QUOTED_INCLUDE_IN_FRAMEWORK_HEADER = YES;
				CLANG_WARN_RANGE_LOOP_ANALYSIS = YES;
				CLANG_WARN_STRICT_PROTOTYPES = YES;
				CLANG_WARN_SUSPICIOUS_MOVE = YES;
				CLANG_WARN_UNGUARDED_AVAILABILITY = YES_AGGRESSIVE;
				CLANG_WARN_UNREACHABLE_CODE = YES;
				CLANG_WARN__DUPLICATE_METHOD_MATCH = YES;
				COPY_PHASE_STRIP = NO;
				DEBUG_INFORMATION_FORMAT = dwarf;
				DEVELOPMENT_TEAM = 4NYQ7W23X2;
				ENABLE_STRICT_OBJC_MSGSEND = YES;
				ENABLE_TESTABILITY = YES;
				ENABLE_USER_SCRIPT_SANDBOXING = YES;
				GCC_C_LANGUAGE_STANDARD = gnu17;
				GCC_DYNAMIC_NO_PIC = NO;
				GCC_NO_COMMON_BLOCKS = YES;
				GCC_OPTIMIZATION_LEVEL = 0;
				GCC_PREPROCESSOR_DEFINITIONS = (
					"DEBUG=1",
					"$(inherited)",
				);
				GCC_WARN_64_TO_32_BIT_CONVERSION = YES;
				GCC_WARN_ABOUT_RETURN_TYPE = YES_ERROR;
				GCC_WARN_UNDECLARED_SELECTOR = YES;
				GCC_WARN_UNINITIALIZED_AUTOS = YES_AGGRESSIVE;
				GCC_WARN_UNUSED_FUNCTION = YES;
				GCC_WARN_UNUSED_VARIABLE = YES;
				IPHONEOS_DEPLOYMENT_TARGET = 26.5;
				LOCALIZATION_PREFERS_STRING_CATALOGS = YES;
				MTL_ENABLE_DEBUG_INFO = INCLUDE_SOURCE;
				MTL_FAST_MATH = YES;
				ONLY_ACTIVE_ARCH = YES;
				SDKROOT = iphoneos;
				SWIFT_ACTIVE_COMPILATION_CONDITIONS = "DEBUG $(inherited)";
				SWIFT_OPTIMIZATION_LEVEL = "-Onone";
			};
			name = Debug;
		};
		A2A8A6DD2FEFB7CE00469A9B /* Release */ = {
			isa = XCBuildConfiguration;
			buildSettings = {
				ALWAYS_SEARCH_USER_PATHS = NO;
				ASSETCATALOG_COMPILER_GENERATE_SWIFT_ASSET_SYMBOL_EXTENSIONS = YES;
				CLANG_ANALYZER_NONNULL = YES;
				CLANG_ANALYZER_NUMBER_OBJECT_CONVERSION = YES_AGGRESSIVE;
				CLANG_CXX_LANGUAGE_STANDARD = "gnu++20";
				CLANG_ENABLE_MODULES = YES;
				CLANG_ENABLE_OBJC_ARC = YES;
				CLANG_ENABLE_OBJC_WEAK = YES;
				CLANG_WARN_BLOCK_CAPTURE_AUTORELEASING = YES;
				CLANG_WARN_BOOL_CONVERSION = YES;
				CLANG_WARN_COMMA = YES;
				CLANG_WARN_CONSTANT_CONVERSION = YES;
				CLANG_WARN_DEPRECATED_OBJC_IMPLEMENTATIONS = YES;
				CLANG_WARN_DIRECT_OBJC_ISA_USAGE = YES_ERROR;
				CLANG_WARN_DOCUMENTATION_COMMENTS = YES;
				CLANG_WARN_EMPTY_BODY = YES;
				CLANG_WARN_ENUM_CONVERSION = YES;
				CLANG_WARN_INFINITE_RECURSION = YES;
				CLANG_WARN_INT_CONVERSION = YES;
				CLANG_WARN_NON_LITERAL_NULL_CONVERSION = YES;
				CLANG_WARN_OBJC_IMPLICIT_RETAIN_SELF = YES;
				CLANG_WARN_OBJC_LITERAL_CONVERSION = YES;
				CLANG_WARN_OBJC_ROOT_CLASS = YES_ERROR;
				CLANG_WARN_QUOTED_INCLUDE_IN_FRAMEWORK_HEADER = YES;
				CLANG_WARN_RANGE_LOOP_ANALYSIS = YES;
				CLANG_WARN_STRICT_PROTOTYPES = YES;
				CLANG_WARN_SUSPICIOUS_MOVE = YES;
				CLANG_WARN_UNGUARDED_AVAILABILITY = YES_AGGRESSIVE;
				CLANG_WARN_UNREACHABLE_CODE = YES;
				CLANG_WARN__DUPLICATE_METHOD_MATCH = YES;
				COPY_PHASE_STRIP = NO;
				DEBUG_INFORMATION_FORMAT = "dwarf-with-dsym";
				DEVELOPMENT_TEAM = 4NYQ7W23X2;
				ENABLE_NS_ASSERTIONS = NO;
				ENABLE_STRICT_OBJC_MSGSEND = YES;
				ENABLE_USER_SCRIPT_SANDBOXING = YES;
				GCC_C_LANGUAGE_STANDARD = gnu17;
				GCC_NO_COMMON_BLOCKS = YES;
				GCC_WARN_64_TO_32_BIT_CONVERSION = YES;
				GCC_WARN_ABOUT_RETURN_TYPE = YES_ERROR;
				GCC_WARN_UNDECLARED_SELECTOR = YES;
				GCC_WARN_UNINITIALIZED_AUTOS = YES_AGGRESSIVE;
				GCC_WARN_UNUSED_FUNCTION = YES;
				GCC_WARN_UNUSED_VARIABLE = YES;
				IPHONEOS_DEPLOYMENT_TARGET = 26.5;
				LOCALIZATION_PREFERS_STRING_CATALOGS = YES;
				MTL_ENABLE_DEBUG_INFO = NO;
				MTL_FAST_MATH = YES;
				SDKROOT = iphoneos;
				SWIFT_COMPILATION_MODE = wholemodule;
				VALIDATE_PRODUCT = YES;
			};
			name = Release;
		};
		A2A8A6DF2FEFB7CE00469A9B /* Debug */ = {
			isa = XCBuildConfiguration;
			buildSettings = {
				ASSETCATALOG_COMPILER_APPICON_NAME = AppIcon;
				ASSETCATALOG_COMPILER_GLOBAL_ACCENT_COLOR_NAME = AccentColor;
				CODE_SIGN_STYLE = Automatic;
				CURRENT_PROJECT_VERSION = 1;
				DEVELOPMENT_TEAM = 4NYQ7W23X2;
				ENABLE_PREVIEWS = YES;
				GENERATE_INFOPLIST_FILE = YES;
				INFOPLIST_KEY_CFBundleDisplayName = "Sunsets Properties";
				INFOPLIST_KEY_LSApplicationCategoryType = "public.app-category.business";
				INFOPLIST_KEY_UIApplicationSceneManifest_Generation = YES;
				INFOPLIST_KEY_UIApplicationSupportsIndirectInputEvents = YES;
				INFOPLIST_KEY_UILaunchScreen_Generation = YES;
				INFOPLIST_KEY_UISupportedInterfaceOrientations_iPad = "UIInterfaceOrientationPortrait UIInterfaceOrientationPortraitUpsideDown UIInterfaceOrientationLandscapeLeft UIInterfaceOrientationLandscapeRight";
				INFOPLIST_KEY_UISupportedInterfaceOrientations_iPhone = "UIInterfaceOrientationPortrait UIInterfaceOrientationLandscapeLeft UIInterfaceOrientationLandscapeRight";
				IPHONEOS_DEPLOYMENT_TARGET = 17.0;
				LD_RUNPATH_SEARCH_PATHS = (
					"$(inherited)",
					"@executable_path/Frameworks",
				);
				MARKETING_VERSION = 1.0;
				PRODUCT_BUNDLE_IDENTIFIER = com.sunsetsrealestate.sunsetsproperties;
				PRODUCT_NAME = "$(TARGET_NAME)";
				STRING_CATALOG_GENERATE_SYMBOLS = YES;
				SUPPORTED_PLATFORMS = "iphoneos iphonesimulator";
				SUPPORTS_MACCATALYST = NO;
				SUPPORTS_MAC_DESIGNED_FOR_IPHONE_IPAD = NO;
				SUPPORTS_XR_DESIGNED_FOR_IPHONE_IPAD = NO;
				SWIFT_APPROACHABLE_CONCURRENCY = YES;
				SWIFT_DEFAULT_ACTOR_ISOLATION = MainActor;
				SWIFT_EMIT_LOC_STRINGS = YES;
				SWIFT_UPCOMING_FEATURE_MEMBER_IMPORT_VISIBILITY = YES;
				SWIFT_VERSION = 5.0;
				TARGETED_DEVICE_FAMILY = 1;
			};
			name = Debug;
		};
		A2A8A6E02FEFB7CE00469A9B /* Release */ = {
			isa = XCBuildConfiguration;
			buildSettings = {
				ASSETCATALOG_COMPILER_APPICON_NAME = AppIcon;
				ASSETCATALOG_COMPILER_GLOBAL_ACCENT_COLOR_NAME = AccentColor;
				CODE_SIGN_STYLE = Automatic;
				CURRENT_PROJECT_VERSION = 1;
				DEVELOPMENT_TEAM = 4NYQ7W23X2;
				ENABLE_PREVIEWS = YES;
				GENERATE_INFOPLIST_FILE = YES;
				INFOPLIST_KEY_CFBundleDisplayName = "Sunsets Properties";
				INFOPLIST_KEY_LSApplicationCategoryType = "public.app-category.business";
				INFOPLIST_KEY_UIApplicationSceneManifest_Generation = YES;
				INFOPLIST_KEY_UIApplicationSupportsIndirectInputEvents = YES;
				INFOPLIST_KEY_UILaunchScreen_Generation = YES;
				INFOPLIST_KEY_UISupportedInterfaceOrientations_iPad = "UIInterfaceOrientationPortrait UIInterfaceOrientationPortraitUpsideDown UIInterfaceOrientationLandscapeLeft UIInterfaceOrientationLandscapeRight";
				INFOPLIST_KEY_UISupportedInterfaceOrientations_iPhone = "UIInterfaceOrientationPortrait UIInterfaceOrientationLandscapeLeft UIInterfaceOrientationLandscapeRight";
				IPHONEOS_DEPLOYMENT_TARGET = 17.0;
				LD_RUNPATH_SEARCH_PATHS = (
					"$(inherited)",
					"@executable_path/Frameworks",
				);
				MARKETING_VERSION = 1.0;
				PRODUCT_BUNDLE_IDENTIFIER = com.sunsetsrealestate.sunsetsproperties;
				PRODUCT_NAME = "$(TARGET_NAME)";
				STRING_CATALOG_GENERATE_SYMBOLS = YES;
				SUPPORTED_PLATFORMS = "iphoneos iphonesimulator";
				SUPPORTS_MACCATALYST = NO;
				SUPPORTS_MAC_DESIGNED_FOR_IPHONE_IPAD = NO;
				SUPPORTS_XR_DESIGNED_FOR_IPHONE_IPAD = NO;
				SWIFT_APPROACHABLE_CONCURRENCY = YES;
				SWIFT_DEFAULT_ACTOR_ISOLATION = MainActor;
				SWIFT_EMIT_LOC_STRINGS = YES;
				SWIFT_UPCOMING_FEATURE_MEMBER_IMPORT_VISIBILITY = YES;
				SWIFT_VERSION = 5.0;
				TARGETED_DEVICE_FAMILY = 1;
			};
			name = Release;
		};
		A2A8A6E22FEFB7CE00469A9B /* Debug */ = {
			isa = XCBuildConfiguration;
			buildSettings = {
				BUNDLE_LOADER = "$(TEST_HOST)";
				CODE_SIGN_STYLE = Automatic;
				CURRENT_PROJECT_VERSION = 1;
				DEVELOPMENT_TEAM = 4NYQ7W23X2;
				GENERATE_INFOPLIST_FILE = YES;
				IPHONEOS_DEPLOYMENT_TARGET = 26.5;
				MARKETING_VERSION = 1.0;
				PRODUCT_BUNDLE_IDENTIFIER = com.sunsetsrealestate.SunsetsPropertiesTests;
				PRODUCT_NAME = "$(TARGET_NAME)";
				STRING_CATALOG_GENERATE_SYMBOLS = NO;
				SWIFT_APPROACHABLE_CONCURRENCY = YES;
				SWIFT_EMIT_LOC_STRINGS = NO;
				SWIFT_UPCOMING_FEATURE_MEMBER_IMPORT_VISIBILITY = YES;
				SWIFT_VERSION = 5.0;
				TARGETED_DEVICE_FAMILY = "1,2";
				TEST_HOST = "$(BUILT_PRODUCTS_DIR)/SunsetsProperties.app/$(BUNDLE_EXECUTABLE_FOLDER_PATH)/SunsetsProperties";
			};
			name = Debug;
		};
		A2A8A6E32FEFB7CE00469A9B /* Release */ = {
			isa = XCBuildConfiguration;
			buildSettings = {
				BUNDLE_LOADER = "$(TEST_HOST)";
				CODE_SIGN_STYLE = Automatic;
				CURRENT_PROJECT_VERSION = 1;
				DEVELOPMENT_TEAM = 4NYQ7W23X2;
				GENERATE_INFOPLIST_FILE = YES;
				IPHONEOS_DEPLOYMENT_TARGET = 26.5;
				MARKETING_VERSION = 1.0;
				PRODUCT_BUNDLE_IDENTIFIER = com.sunsetsrealestate.SunsetsPropertiesTests;
				PRODUCT_NAME = "$(TARGET_NAME)";
				STRING_CATALOG_GENERATE_SYMBOLS = NO;
				SWIFT_APPROACHABLE_CONCURRENCY = YES;
				SWIFT_EMIT_LOC_STRINGS = NO;
				SWIFT_UPCOMING_FEATURE_MEMBER_IMPORT_VISIBILITY = YES;
				SWIFT_VERSION = 5.0;
				TARGETED_DEVICE_FAMILY = "1,2";
				TEST_HOST = "$(BUILT_PRODUCTS_DIR)/SunsetsProperties.app/$(BUNDLE_EXECUTABLE_FOLDER_PATH)/SunsetsProperties";
			};
			name = Release;
		};
		A2A8A6E52FEFB7CE00469A9B /* Debug */ = {
			isa = XCBuildConfiguration;
			buildSettings = {
				CODE_SIGN_STYLE = Automatic;
				CURRENT_PROJECT_VERSION = 1;
				DEVELOPMENT_TEAM = 4NYQ7W23X2;
				GENERATE_INFOPLIST_FILE = YES;
				MARKETING_VERSION = 1.0;
				PRODUCT_BUNDLE_IDENTIFIER = com.sunsetsrealestate.SunsetsPropertiesUITests;
				PRODUCT_NAME = "$(TARGET_NAME)";
				STRING_CATALOG_GENERATE_SYMBOLS = NO;
				SWIFT_APPROACHABLE_CONCURRENCY = YES;
				SWIFT_EMIT_LOC_STRINGS = NO;
				SWIFT_UPCOMING_FEATURE_MEMBER_IMPORT_VISIBILITY = YES;
				SWIFT_VERSION = 5.0;
				TARGETED_DEVICE_FAMILY = "1,2";
				TEST_TARGET_NAME = SunsetsProperties;
			};
			name = Debug;
		};
		A2A8A6E62FEFB7CE00469A9B /* Release */ = {
			isa = XCBuildConfiguration;
			buildSettings = {
				CODE_SIGN_STYLE = Automatic;
				CURRENT_PROJECT_VERSION = 1;
				DEVELOPMENT_TEAM = 4NYQ7W23X2;
				GENERATE_INFOPLIST_FILE = YES;
				MARKETING_VERSION = 1.0;
				PRODUCT_BUNDLE_IDENTIFIER = com.sunsetsrealestate.SunsetsPropertiesUITests;
				PRODUCT_NAME = "$(TARGET_NAME)";
				STRING_CATALOG_GENERATE_SYMBOLS = NO;
				SWIFT_APPROACHABLE_CONCURRENCY = YES;
				SWIFT_EMIT_LOC_STRINGS = NO;
				SWIFT_UPCOMING_FEATURE_MEMBER_IMPORT_VISIBILITY = YES;
				SWIFT_VERSION = 5.0;
				TARGETED_DEVICE_FAMILY = "1,2";
				TEST_TARGET_NAME = SunsetsProperties;
			};
			name = Release;
		};
/* End XCBuildConfiguration section */

/* Begin XCConfigurationList section */
		A2A8A6B82FEFB7CD00469A9B /* Build configuration list for PBXProject "SunsetsProperties" */ = {
			isa = XCConfigurationList;
			buildConfigurations = (
				A2A8A6DC2FEFB7CE00469A9B /* Debug */,
				A2A8A6DD2FEFB7CE00469A9B /* Release */,
			);
			defaultConfigurationIsVisible = 0;
			defaultConfigurationName = Release;
		};
		A2A8A6DE2FEFB7CE00469A9B /* Build configuration list for PBXNativeTarget "SunsetsProperties" */ = {
			isa = XCConfigurationList;
			buildConfigurations = (
				A2A8A6DF2FEFB7CE00469A9B /* Debug */,
				A2A8A6E02FEFB7CE00469A9B /* Release */,
			);
			defaultConfigurationIsVisible = 0;
			defaultConfigurationName = Release;
		};
		A2A8A6E12FEFB7CE00469A9B /* Build configuration list for PBXNativeTarget "SunsetsPropertiesTests" */ = {
			isa = XCConfigurationList;
			buildConfigurations = (
				A2A8A6E22FEFB7CE00469A9B /* Debug */,
				A2A8A6E32FEFB7CE00469A9B /* Release */,
			);
			defaultConfigurationIsVisible = 0;
			defaultConfigurationName = Release;
		};
		A2A8A6E42FEFB7CE00469A9B /* Build configuration list for PBXNativeTarget "SunsetsPropertiesUITests" */ = {
			isa = XCConfigurationList;
			buildConfigurations = (
				A2A8A6E52FEFB7CE00469A9B /* Debug */,
				A2A8A6E62FEFB7CE00469A9B /* Release */,
			);
			defaultConfigurationIsVisible = 0;
			defaultConfigurationName = Release;
		};
/* End XCConfigurationList section */
	};
	rootObject = A2A8A6B52FEFB7CD00469A9B /* Project object */;
}
